schema: '2.0'
stages:
  build-docker:
    cmd: calkit build-docker openfoam-2406-foampy -i Dockerfile
    deps:
    - path: Dockerfile
      hash: md5
      md5: 8ea8bad904dccccc38ee0f7e3db36f7e
      size: 2085
    outs:
    - path: Dockerfile-lock.json
      hash: md5
      md5: 7e8858e959a04155f7981f9b4f609732
      size: 2805
  run-sim@laminar:
    cmd: calkit runenv python run.py --turbulence-model laminar -f
    deps:
    - path: Dockerfile
      hash: md5
      md5: 8ea8bad904dccccc38ee0f7e3db36f7e
      size: 2085
    - path: constant/transportProperties
      hash: md5
      md5: 308d95776c9f06ee1b8c6c02ca69e936
      size: 898
    - path: run.py
      hash: md5
      md5: 433e24737832039233afea78fd8c6c62
      size: 3446
    - path: system
      hash: md5
      md5: 5a2682d2cc06adf69854388555500080.dir
      size: 10924
      nfiles: 5
    outs:
    - path: cases/laminar/postProcessing
      hash: md5
      md5: c8dbf65cedd6f7c5e87e3fea972e1c25.dir
      size: 13408
      nfiles: 1
  run-sim@k-epsilon:
    cmd: calkit runenv python run.py --turbulence-model k-epsilon -f
    deps:
    - path: Dockerfile
      hash: md5
      md5: 8ea8bad904dccccc38ee0f7e3db36f7e
      size: 2085
    - path: constant/transportProperties
      hash: md5
      md5: 308d95776c9f06ee1b8c6c02ca69e936
      size: 898
    - path: run.py
      hash: md5
      md5: 433e24737832039233afea78fd8c6c62
      size: 3446
    - path: system
      hash: md5
      md5: 5a2682d2cc06adf69854388555500080.dir
      size: 10924
      nfiles: 5
    outs:
    - path: cases/k-epsilon/postProcessing
      hash: md5
      md5: 8b21b3a0ccacf22a1e1484f0fbd6358b.dir
      size: 13322
      nfiles: 1
  run-sim@k-omega:
    cmd: calkit runenv python run.py --turbulence-model k-omega -f
    deps:
    - path: Dockerfile
      hash: md5
      md5: 8ea8bad904dccccc38ee0f7e3db36f7e
      size: 2085
    - path: constant/transportProperties
      hash: md5
      md5: 308d95776c9f06ee1b8c6c02ca69e936
      size: 898
    - path: run.py
      hash: md5
      md5: 433e24737832039233afea78fd8c6c62
      size: 3446
    - path: system
      hash: md5
      md5: 5a2682d2cc06adf69854388555500080.dir
      size: 10924
      nfiles: 5
    outs:
    - path: cases/k-omega/postProcessing
      hash: md5
      md5: d19dc390274976db3248f510d75b822c.dir
      size: 13299
      nfiles: 1
  plot-mean-velocity-profiles:
    cmd: calkit runenv python scripts/plot-mean-velocity-profiles.py
    deps:
    - path: cases/k-epsilon/postProcessing
      hash: md5
      md5: 8b21b3a0ccacf22a1e1484f0fbd6358b.dir
      size: 13322
      nfiles: 1
    - path: cases/k-omega/postProcessing
      hash: md5
      md5: d19dc390274976db3248f510d75b822c.dir
      size: 13299
      nfiles: 1
    - path: cases/laminar/postProcessing
      hash: md5
      md5: c8dbf65cedd6f7c5e87e3fea972e1c25.dir
      size: 13408
      nfiles: 1
    - path: data/jhtdb-profiles.h5
      hash: md5
      md5: 46ce259ab949ecb23751eb88ec753ff2
      size: 83344240
    - path: scripts/plot-mean-velocity-profiles.py
      hash: md5
      md5: a9372ddc8edc6d197f03f099469edee8
      size: 1731
    outs:
    - path: figures/mean-velocity-profiles.png
      hash: md5
      md5: 0251506f2d159291cec9596a886c5bb6
      size: 32605
